// !$*UTF8*$!
{
	archiveVersion = 1;
	classes = {
	};
	objectVersion = 46;
	objects = {

/* Begin PBXBuildFile section */
		1E0EC72C1C741CD1007595C6 /* main.m in Sources */ = {isa = PBXBuildFile; fileRef = 1E0EC72B1C741CD1007595C6 /* main.m */; };
		1E0EC7341C741E05007595C6 /* BNRLogger.m in Sources */ = {isa = PBXBuildFile; fileRef = 1E0EC7331C741E05007595C6 /* BNRLogger.m */; };
/* End PBXBuildFile section */

/* Begin PBXCopyFilesBuildPhase section */
		1E0EC7261C741CD0007595C6 /* CopyFiles */ = {
			isa = PBXCopyFilesBuildPhase;
			buildActionMask = 2147483647;
			dstPath = /usr/share/man/man1/;
			dstSubfolderSpec = 0;
			files = (
			);
			runOnlyForDeploymentPostprocessing = 1;
		};
/* End PBXCopyFilesBuildPhase section */

/* Begin PBXFileReference section */
		1E0EC7281C741CD0007595C6 /* NSRunLoop */ = {isa = PBXFileReference; explicitFileType = "compiled.mach-o.executable"; includeInIndex = 0; path = NSRunLoop; sourceTree = BUILT_PRODUCTS_DIR; };
		1E0EC72B1C741CD1007595C6 /* main.m */ = {isa = PBXFileReference; lastKnownFileType = sourcecode.c.objc; path = main.m; sourceTree = "<group>"; };
		1E0EC7321C741E05007595C6 /* BNRLogger.h */ = {isa = PBXFileReference; fileEncoding = 4; lastKnownFileType = sourcecode.c.h; path = BNRLogger.h; sourceTree = "<group>"; };
		1E0EC7331C741E05007595C6 /* BNRLogger.m */ = {isa = PBXFileReference; fileEncoding = 4; lastKnownFileType = sourcecode.c.objc; path = BNRLogger.m; sourceTree = "<group>"; };
/* End PBXFileReference section */

/* Begin PBXFrameworksBuildPhase section */
		1E0EC7251C741CD0007595C6 /* Frameworks */ = {
			isa = PBXFrameworksBuildPhase;
			buildActionMask = 2147483647;
			files = (
			);
			runOnlyForDeploymentPostprocessing = 0;
		};
/* End PBXFrameworksBuildPhase section */

/* Begin PBXGroup section */
		1E0EC71F1C741CD0007595C6 = {
			isa = PBXGroup;
			children = (
				1E0EC72A1C741CD0007595C6 /* NSRunLoop */,
				1E0EC7291C741CD0007595C6 /* Products */,
			);
			sourceTree = "<group>";
		};
		1E0EC7291C741CD0007595C6 /* Products */ = {
			isa = PBXGroup;
			children = (
				1E0EC7281C741CD0007595C6 /* NSRunLoop */,
			);
			name = Products;
			sourceTree = "<group>";
		};
		1E0EC72A1C741CD0007595C6 /* NSRunLoop */ = {
			isa = PBXGroup;
			children = (
				1E0EC72B1C741CD1007595C6 /* main.m */,
				1E0EC7321C741E05007595C6 /* BNRLogger.h */,
				1E0EC7331C741E05007595C6 /* BNRLogger.m */,
			);
			path = NSRunLoop;
			sourceTree = "<group>";
		};
/* End PBXGroup section */

/* Begin PBXNativeTarget section */
		1E0EC7271C741CD0007595C6 /* NSRunLoop */ = {
			isa = PBXNativeTarget;
			buildConfigurationList = 1E0EC72F1C741CD1007595C6 /* Build configuration list for PBXNativeTarget "NSRunLoop" */;
			buildPhases = (
				1E0EC7241C741CD0007595C6 /* Sources */,
				1E0EC7251C741CD0007595C6 /* Frameworks */,
				1E0EC7261C741CD0007595C6 /* CopyFiles */,
			);
			buildRules = (
			);
			dependencies = (
			);
			name = NSRunLoop;
			productName = NSRunLoop;
			productReference = 1E0EC7281C741CD0007595C6 /* NSRunLoop */;
			productType = "com.apple.product-type.tool";
		};
/* End PBXNativeTarget section */

/* Begin PBXProject section */
		1E0EC7201C741CD0007595C6 /* Project object */ = {
			isa = PBXProject;
			attributes = {
				LastUpgradeCheck = 0640;
				ORGANIZATIONNAME = Zjut;
				TargetAttributes = {
					1E0EC7271C741CD0007595C6 = {
						CreatedOnToolsVersion = 6.4;
					};
				};
			};
			buildConfigurationList = 1E0EC7231C741CD0007595C6 /* Build configuration list for PBXProject "NSRunLoop" */;
			compatibilityVersion = "Xcode 3.2";
			developmentRegion = English;
			hasScannedForEncodings = 0;
			knownRegions = (
				en,
			);
			mainGroup = 1E0EC71F1C741CD0007595C6;
			productRefGroup = 1E0EC7291C741CD0007595C6 /* Products */;
			projectDirPath = "";
			projectRoot = "";
			targets = (
				1E0EC7271C741CD0007595C6 /* NSRunLoop */,
			);
		};
/* End PBXProject section */

/* Begin PBXSourcesBuildPhase section */
		1E0EC7241C741CD0007595C6 /* Sources */ = {
			isa = PBXSourcesBuildPhase;
			buildActionMask = 2147483647;
			files = (
				1E0EC7341C741E05007595C6 /* BNRLogger.m in Sources */,
				1E0EC72C1C741CD1007595C6 /* main.m in Sources */,
			);
			runOnlyForDeploymentPostprocessing = 0;
		};
/* End PBXSourcesBuildPhase section */

/* Begin XCBuildConfiguration section */
		1E0EC72D1C741CD1007595C6 /* Debug */ = {
			isa = XCBuildConfiguration;
			buildSettings = {
				ALWAYS_SEARCH_USER_PATHS = NO;
				CLANG_CXX_LANGUAGE_STANDARD = "gnu++0x";
				CLANG_CXX_LIBRARY = "libc++";
				CLANG_ENABLE_MODULES = YES;
				CLANG_ENABLE_OBJC_ARC = YES;
				CLANG_WARN_BOOL_CONVERSION = YES;
				CLANG_WARN_CONSTANT_CONVERSION = YES;
				CLANG_WARN_DIRECT_OBJC_ISA_USAGE = YES_ERROR;
				CLANG_WARN_EMPTY_BODY = YES;
				CLANG_WARN_ENUM_CONVERSION = YES;
				CLANG_WARN_INT_CONVERSION = YES;
				CLANG_WARN_OBJC_ROOT_CLASS = YES_ERROR;
				CLANG_WARN_UNREACHABLE_CODE = YES;
				CLANG_WARN__DUPLICATE_METHOD_MATCH = YES;
				COPY_PHASE_STRIP = NO;
				DEBUG_INFORMATION_FORMAT = dwarf;
				ENABLE_STRICT_OBJC_MSGSEND = YES;
				GCC_C_LANGUAGE_STANDARD = gnu99;
				GCC_DYNAMIC_NO_PIC = NO;
				GCC_NO_COMMON_BLOCKS = YES;
				GCC_OPTIMIZATION_LEVEL = 0;
				GCC_PREPROCESSOR_DEFINITIONS = (
					"DEBUG=1",
					"$(inherited)",
				);
				GCC_SYMBOLS_PRIVATE_EXTERN = NO;
				GCC_WARN_64_TO_32_BIT_CONVERSION = YES;
				GCC_WARN_ABOUT_RETURN_TYPE = YES_ERROR;
				GCC_WARN_UNDECLARED_SELECTOR = YES;
				GCC_WARN_UNINITIALIZED_AUTOS = YES_AGGRESSIVE;
				GCC_WARN_UNUSED_FUNCTION = YES;
				GCC_WARN_UNUSED_VARIABLE = YES;
				MACOSX_DEPLOYMENT_TARGET = 10.10;
				MTL_ENABLE_DEBUG_INFO = YES;
				ONLY_ACTIVE_ARCH = YES;
				SDKROOT = macosx;
			};
			name = Debug;
		};
		1E0EC72E1C741CD1007595C6 /* Release */ = {
			isa = XCBuildConfiguration;
			buildSettings = {
				ALWAYS_SEARCH_USER_PATHS = NO;
				CLANG_CXX_LANGUAGE_STANDARD = "gnu++0x";
				CLANG_CXX_LIBRARY = "libc++";
				CLANG_ENABLE_MODULES = YES;
				CLANG_ENABLE_OBJC_ARC = YES;
				CLANG_WARN_BOOL_CONVERSION = YES;
				CLANG_WARN_CONSTANT_CONVERSION = YES;
				CLANG_WARN_DIRECT_OBJC_ISA_USAGE = YES_ERROR;
				CLANG_WARN_EMPTY_BODY = YES;
				CLANG_WARN_ENUM_CONVERSION = YES;
				CLANG_WARN_INT_CONVERSION = YES;
				CLANG_WARN_OBJC_ROOT_CLASS = YES_ERROR;
				CLANG_WARN_UNREACHABLE_CODE = YES;
				CLANG_WARN__DUPLICATE_METHOD_MATCH = YES;
				COPY_PHASE_STRIP = NO;
				DEBUG_INFORMATION_FORMAT = "dwarf-with-dsym";
				ENABLE_NS_ASSERTIONS = NO;
				ENABLE_STRICT_OBJC_MSGSEND = YES;
				GCC_C_LANGUAGE_STANDARD = gnu99;
				GCC_NO_COMMON_BLOCKS = YES;
				GCC_WARN_64_TO_32_BIT_CONVERSION = YES;
				GCC_WARN_ABOUT_RETURN_TYPE = YES_ERROR;
				GCC_WARN_UNDECLARED_SELECTOR = YES;
				GCC_WARN_UNINITIALIZED_AUTOS = YES_AGGRESSIVE;
				GCC_WARN_UNUSED_FUNCTION = YES;
				GCC_WARN_UNUSED_VARIABLE = YES;
				MACOSX_DEPLOYMENT_TARGET = 10.10;
				MTL_ENABLE_DEBUG_INFO = NO;
				SDKROOT = macosx;
			};
			name = Release;
		};
		1E0EC7301C741CD1007595C6 /* Debug */ = {
			isa = XCBuildConfiguration;
			buildSettings = {
				PRODUCT_NAME = "$(TARGET_NAME)";
			};
			name = Debug;
		};
		1E0EC7311C741CD1007595C6 /* Release */ = {
			isa = XCBuildConfiguration;
			buildSettings = {
				PRODUCT_NAME = "$(TARGET_NAME)";
			};
			name = Release;
		};
/* End XCBuildConfiguration section */

/* Begin XCConfigurationList section */
		1E0EC7231C741CD0007595C6 /* Build configuration list for PBXProject "NSRunLoop" */ = {
			isa = XCConfigurationList;
			buildConfigurations = (
				1E0EC72D1C741CD1007595C6 /* Debug */,
				1E0EC72E1C741CD1007595C6 /* Release */,
			);
			defaultConfigurationIsVisible = 0;
			defaultConfigurationName = Release;
		};
		1E0EC72F1C741CD1007595C6 /* Build configuration list for PBXNativeTarget "NSRunLoop" */ = {
			isa = XCConfigurationList;
			buildConfigurations = (
				1E0EC7301C741CD1007595C6 /* Debug */,
				1E0EC7311C741CD1007595C6 /* Release */,
			);
			defaultConfigurationIsVisible = 0;
		};
/* End XCConfigurationList section */
	};
	rootObject = 1E0EC7201C741CD0007595C6 /* Project object */;
}
